
Microsoft Visual Studio Solution File, Format Version 12.00
# Visual Studio Version 16
VisualStudioVersion = 16.0.31005.135
MinimumVisualStudioVersion = 10.0.40219.1
Project("{FAE04EC0-301F-11D3-BF4B-00C04F79EFBC}") = "MyCoderDojo", "MyCoderDojo\MyCoderDojo.csproj", "{E7D5483E-AFD5-4042-B1C0-05F86CF0487D}"
EndProject
Global
	GlobalSection(SolutionConfigurationPlatforms) = preSolution
		Debug|Any CPU = Debug|Any CPU
		Release|Any CPU = Release|Any CPU
	EndGlobalSection
	GlobalSection(ProjectConfigurationPlatforms) = postSolution
		{E7D5483E-AFD5-4042-B1C0-05F86CF0487D}.Debug|Any CPU.ActiveCfg = Debug|Any CPU
		{E7D5483E-AFD5-4042-B1C0-05F86CF0487D}.Debug|Any CPU.Build.0 = Debug|Any CPU
		{E7D5483E-AFD5-4042-B1C0-05F86CF0487D}.Release|Any CPU.ActiveCfg = Release|Any CPU
		{E7D5483E-AFD5-4042-B1C0-05F86CF0487D}.Release|Any CPU.Build.0 = Release|Any CPU
	EndGlobalSection
	GlobalSection(SolutionProperties) = preSolution
		HideSolutionNode = FALSE
	EndGlobalSection
	GlobalSection(ExtensibilityGlobals) = postSolution
		SolutionGuid = {A71A8313-6BDC-4C82-9C2F-332FFD119DB9}
	EndGlobalSection
EndGlobal
